
Microsoft Visual Studio Solution File, Format Version 12.00
# Visual Studio Version 16
VisualStudioVersion = 16.0.30907.101
MinimumVisualStudioVersion = 10.0.40219.1
Project("{FAE04EC0-301F-11D3-BF4B-00C04F79EFBC}") = "database", "database\database.csproj", "{51E0E2D0-902D-4937-81CC-BCCE3D960D3D}"
EndProject
Global
	GlobalSection(SolutionConfigurationPlatforms) = preSolution
		Debug|Any CPU = Debug|Any CPU
		Release|Any CPU = Release|Any CPU
	EndGlobalSection
	GlobalSection(ProjectConfigurationPlatforms) = postSolution
		{51E0E2D0-902D-4937-81CC-BCCE3D960D3D}.Debug|Any CPU.ActiveCfg = Debug|Any CPU
		{51E0E2D0-902D-4937-81CC-BCCE3D960D3D}.Debug|Any CPU.Build.0 = Debug|Any CPU
		{51E0E2D0-902D-4937-81CC-BCCE3D960D3D}.Release|Any CPU.ActiveCfg = Release|Any CPU
		{51E0E2D0-902D-4937-81CC-BCCE3D960D3D}.Release|Any CPU.Build.0 = Release|Any CPU
	EndGlobalSection
	GlobalSection(SolutionProperties) = preSolution
		HideSolutionNode = FALSE
	EndGlobalSection
	GlobalSection(ExtensibilityGlobals) = postSolution
		SolutionGuid = {F7D68194-B9DE-4C09-9DDB-70D46F633D09}
	EndGlobalSection
EndGlobal
